
Microsoft Visual Studio Solution File, Format Version 12.00
# Visual Studio Version 17
VisualStudioVersion = 17.9.34902.65
MinimumVisualStudioVersion = 10.0.40219.1
Project("{FAE04EC0-301F-11D3-BF4B-00C04F79EFBC}") = "TreinandoPráticasApi", "TreinandoPráticasApi\TreinandoPráticasApi.csproj", "{E438F07A-D6C1-4DB2-ABE0-CE0E2618CCF5}"
EndProject
Global
	GlobalSection(SolutionConfigurationPlatforms) = preSolution
		Debug|Any CPU = Debug|Any CPU
		Release|Any CPU = Release|Any CPU
	EndGlobalSection
	GlobalSection(ProjectConfigurationPlatforms) = postSolution
		{E438F07A-D6C1-4DB2-ABE0-CE0E2618CCF5}.Debug|Any CPU.ActiveCfg = Debug|Any CPU
		{E438F07A-D6C1-4DB2-ABE0-CE0E2618CCF5}.Debug|Any CPU.Build.0 = Debug|Any CPU
		{E438F07A-D6C1-4DB2-ABE0-CE0E2618CCF5}.Release|Any CPU.ActiveCfg = Release|Any CPU
		{E438F07A-D6C1-4DB2-ABE0-CE0E2618CCF5}.Release|Any CPU.Build.0 = Release|Any CPU
	EndGlobalSection
	GlobalSection(SolutionProperties) = preSolution
		HideSolutionNode = FALSE
	EndGlobalSection
	GlobalSection(ExtensibilityGlobals) = postSolution
		SolutionGuid = {180E8063-F5A8-4354-89B0-DB1EACFB36AF}
	EndGlobalSection
EndGlobal
